PODS:
  - Flutter (1.0.0)
  - integration_test (0.0.1):
    - Flutter
  - rusty_chacha (0.0.1)

DEPENDENCIES:
  - Flutter (from `Flutter`)
  - integration_test (from `.symlinks/plugins/integration_test/ios`)
  - rusty_chacha (from `.symlinks/plugins/rusty_chacha/ios`)

EXTERNAL SOURCES:
  Flutter:
    :path: Flutter
  integration_test:
    :path: ".symlinks/plugins/integration_test/ios"
  rusty_chacha:
    :path: ".symlinks/plugins/rusty_chacha/ios"

SPEC CHECKSUMS:
  Flutter: e0871f40cf51350855a761d2e70bf5af5b9b5de7
  integration_test: 252f60fa39af5e17c3aa9899d35d908a0721b573
  rusty_chacha: 4fd2e527c8b09561dbaed89ca93e2140cb49c2e5

PODFILE CHECKSUM: c4c93c5f6502fe2754f48404d3594bf779584011

COCOAPODS: 1.15.2
