PODS:
  - FlutterMacOS (1.0.0)
  - rusty_chacha (0.0.1)

DEPENDENCIES:
  - FlutterMacOS (from `Flutter/ephemeral`)
  - rusty_chacha (from `Flutter/ephemeral/.symlinks/plugins/rusty_chacha/macos`)

EXTERNAL SOURCES:
  FlutterMacOS:
    :path: Flutter/ephemeral
  rusty_chacha:
    :path: Flutter/ephemeral/.symlinks/plugins/rusty_chacha/macos

SPEC CHECKSUMS:
  FlutterMacOS: 8f6f14fa908a6fb3fba0cd85dbd81ec4b251fb24
  rusty_chacha: c53039d3f65838e5503912a329217dbe7ef7f7bf

PODFILE CHECKSUM: 353c8bcc5d5b0994e508d035b5431cfe18c1dea7

COCOAPODS: 1.15.2
